
Microsoft Visual Studio Solution File, Format Version 12.00
# Visual Studio Version 17
VisualStudioVersion = 17.11.35312.102
MinimumVisualStudioVersion = 10.0.40219.1
Project("{8BC9CEB8-8B4A-11D0-8D11-00A0C91BC942}") = "Task4lab05", "Task4lab05\Task4lab05.vcxproj", "{CE82FAA1-0A8C-4418-B291-DCA440DF2631}"
EndProject
Global
	GlobalSection(SolutionConfigurationPlatforms) = preSolution
		Debug|x64 = Debug|x64
		Debug|x86 = Debug|x86
		Release|x64 = Release|x64
		Release|x86 = Release|x86
	EndGlobalSection
	GlobalSection(ProjectConfigurationPlatforms) = postSolution
		{CE82FAA1-0A8C-4418-B291-DCA440DF2631}.Debug|x64.ActiveCfg = Debug|x64
		{CE82FAA1-0A8C-4418-B291-DCA440DF2631}.Debug|x64.Build.0 = Debug|x64
		{CE82FAA1-0A8C-4418-B291-DCA440DF2631}.Debug|x86.ActiveCfg = Debug|Win32
		{CE82FAA1-0A8C-4418-B291-DCA440DF2631}.Debug|x86.Build.0 = Debug|Win32
		{CE82FAA1-0A8C-4418-B291-DCA440DF2631}.Release|x64.ActiveCfg = Release|x64
		{CE82FAA1-0A8C-4418-B291-DCA440DF2631}.Release|x64.Build.0 = Release|x64
		{CE82FAA1-0A8C-4418-B291-DCA440DF2631}.Release|x86.ActiveCfg = Release|Win32
		{CE82FAA1-0A8C-4418-B291-DCA440DF2631}.Release|x86.Build.0 = Release|Win32
	EndGlobalSection
	GlobalSection(SolutionProperties) = preSolution
		HideSolutionNode = FALSE
	EndGlobalSection
	GlobalSection(ExtensibilityGlobals) = postSolution
		SolutionGuid = {5A8B5A71-A572-4A02-9800-035A88B7966D}
	EndGlobalSection
EndGlobal
